
Microsoft Visual Studio Solution File, Format Version 12.00
# Visual Studio Version 16
VisualStudioVersion = 16.0.34114.132
MinimumVisualStudioVersion = 10.0.40219.1
Project("{FAE04EC0-301F-11D3-BF4B-00C04F79EFBC}") = "MyAspCoreWebApp", "MyAspCoreWebApp\MyAspCoreWebApp.csproj", "{087103EA-B879-4ED8-AC34-DA434B965115}"
EndProject
Global
	GlobalSection(SolutionConfigurationPlatforms) = preSolution
		Debug|Any CPU = Debug|Any CPU
		Release|Any CPU = Release|Any CPU
	EndGlobalSection
	GlobalSection(ProjectConfigurationPlatforms) = postSolution
		{087103EA-B879-4ED8-AC34-DA434B965115}.Debug|Any CPU.ActiveCfg = Debug|Any CPU
		{087103EA-B879-4ED8-AC34-DA434B965115}.Debug|Any CPU.Build.0 = Debug|Any CPU
		{087103EA-B879-4ED8-AC34-DA434B965115}.Release|Any CPU.ActiveCfg = Release|Any CPU
		{087103EA-B879-4ED8-AC34-DA434B965115}.Release|Any CPU.Build.0 = Release|Any CPU
	EndGlobalSection
	GlobalSection(SolutionProperties) = preSolution
		HideSolutionNode = FALSE
	EndGlobalSection
	GlobalSection(ExtensibilityGlobals) = postSolution
		SolutionGuid = {82A58174-3D9A-4E8B-AAE3-4AE004FF2E76}
	EndGlobalSection
EndGlobal
